
Microsoft Visual Studio Solution File, Format Version 12.00
# Visual Studio Version 16
VisualStudioVersion = 16.0.30717.126
MinimumVisualStudioVersion = 10.0.40219.1
Project("{FAE04EC0-301F-11D3-BF4B-00C04F79EFBC}") = "MiniGraphicEditor", "MiniGraphicEditor\MiniGraphicEditor.csproj", "{8FFEFD82-4784-478E-B72C-CB4888FB574E}"
EndProject
Project("{FAE04EC0-301F-11D3-BF4B-00C04F79EFBC}") = "WindowsFormsApplication13", "..\..\..\Downloads\Курсовая-20210521T144020Z-001\Курсовая\курсовая тимчук\Курсовая 19 вар\WindowsFormsApplication13\WindowsFormsApplication13.csproj", "{5FB426DC-C080-4C1F-B719-A75CB6406F92}"
EndProject
Global
	GlobalSection(SolutionConfigurationPlatforms) = preSolution
		Debug|Any CPU = Debug|Any CPU
		Release|Any CPU = Release|Any CPU
	EndGlobalSection
	GlobalSection(ProjectConfigurationPlatforms) = postSolution
		{8FFEFD82-4784-478E-B72C-CB4888FB574E}.Debug|Any CPU.ActiveCfg = Debug|Any CPU
		{8FFEFD82-4784-478E-B72C-CB4888FB574E}.Debug|Any CPU.Build.0 = Debug|Any CPU
		{8FFEFD82-4784-478E-B72C-CB4888FB574E}.Release|Any CPU.ActiveCfg = Release|Any CPU
		{8FFEFD82-4784-478E-B72C-CB4888FB574E}.Release|Any CPU.Build.0 = Release|Any CPU
		{5FB426DC-C080-4C1F-B719-A75CB6406F92}.Debug|Any CPU.ActiveCfg = Debug|Any CPU
		{5FB426DC-C080-4C1F-B719-A75CB6406F92}.Debug|Any CPU.Build.0 = Debug|Any CPU
		{5FB426DC-C080-4C1F-B719-A75CB6406F92}.Release|Any CPU.ActiveCfg = Release|Any CPU
		{5FB426DC-C080-4C1F-B719-A75CB6406F92}.Release|Any CPU.Build.0 = Release|Any CPU
	EndGlobalSection
	GlobalSection(SolutionProperties) = preSolution
		HideSolutionNode = FALSE
	EndGlobalSection
	GlobalSection(ExtensibilityGlobals) = postSolution
		SolutionGuid = {A6A08516-AA57-4093-A3E5-79D9B05ED77D}
	EndGlobalSection
EndGlobal
